// !$*UTF8*$!
{
	archiveVersion = 1;
	classes = {
	};
	objectVersion = 55;
	objects = {

/* Begin PBXBuildFile section */
		BC58DF6D280E1E0500CE8B39 /* CloudKit.framework in Frameworks */ = {isa = PBXBuildFile; fileRef = BC58DF6C280E1E0500CE8B39 /* CloudKit.framework */; };
		BC58DF6F280F115500CE8B39 /* SpoonacularController.swift in Sources */ = {isa = PBXBuildFile; fileRef = BC58DF6E280F115500CE8B39 /* SpoonacularController.swift */; };
		BC58DF71280F116000CE8B39 /* RecipeController.swift in Sources */ = {isa = PBXBuildFile; fileRef = BC58DF70280F116000CE8B39 /* RecipeController.swift */; };
		BC58DF73280F117400CE8B39 /* ShoppingListController.swift in Sources */ = {isa = PBXBuildFile; fileRef = BC58DF72280F117400CE8B39 /* ShoppingListController.swift */; };
		BC58DF75280F118200CE8B39 /* IngrediantController.swift in Sources */ = {isa = PBXBuildFile; fileRef = BC58DF74280F118200CE8B39 /* IngrediantController.swift */; };
		BC58DF77280F134100CE8B39 /* SpoonacularError.swift in Sources */ = {isa = PBXBuildFile; fileRef = BC58DF76280F134100CE8B39 /* SpoonacularError.swift */; };
		BC5A0CF72819DF4F00CDBCC3 /* ScrollViewController.swift in Sources */ = {isa = PBXBuildFile; fileRef = BC5A0CF62819DF4F00CDBCC3 /* ScrollViewController.swift */; };
		BC5A0CF9281AD76400CDBCC3 /* PhotoPickerViewController.swift in Sources */ = {isa = PBXBuildFile; fileRef = BC5A0CF8281AD76400CDBCC3 /* PhotoPickerViewController.swift */; };
		BC5A0CFB281AEA9500CDBCC3 /* recipeHelpers.swift in Sources */ = {isa = PBXBuildFile; fileRef = BC5A0CFA281AEA9500CDBCC3 /* recipeHelpers.swift */; };
		BC5A0CFD281AEFA500CDBCC3 /* myRecipeTableViewCell.swift in Sources */ = {isa = PBXBuildFile; fileRef = BC5A0CFC281AEFA500CDBCC3 /* myRecipeTableViewCell.swift */; };
		BC5A0CFF281AFDD800CDBCC3 /* Keys.plist in Resources */ = {isa = PBXBuildFile; fileRef = BC5A0CFE281AFDD800CDBCC3 /* Keys.plist */; };
		BCA0317C2811E01B00C5F4F6 /* Recipe.storyboard in Resources */ = {isa = PBXBuildFile; fileRef = BCA0317A2811E01A00C5F4F6 /* Recipe.storyboard */; };
		BCA03180281339BE00C5F4F6 /* DiscoverTableViewController.swift in Sources */ = {isa = PBXBuildFile; fileRef = BCA0317F281339BE00C5F4F6 /* DiscoverTableViewController.swift */; };
		BCA03182281339CF00C5F4F6 /* ShoppingListTableViewController.swift in Sources */ = {isa = PBXBuildFile; fileRef = BCA03181281339CF00C5F4F6 /* ShoppingListTableViewController.swift */; };
		BCA03184281339DD00C5F4F6 /* RecipeListTableViewController.swift in Sources */ = {isa = PBXBuildFile; fileRef = BCA03183281339DD00C5F4F6 /* RecipeListTableViewController.swift */; };
		BCA0318628133A1A00C5F4F6 /* RecipeViewController.swift in Sources */ = {isa = PBXBuildFile; fileRef = BCA0318528133A1A00C5F4F6 /* RecipeViewController.swift */; };
		BCA0318828133A7300C5F4F6 /* NewRecipeViewController.swift in Sources */ = {isa = PBXBuildFile; fileRef = BCA0318728133A7300C5F4F6 /* NewRecipeViewController.swift */; };
		BCA0318A28133B1D00C5F4F6 /* RecipeTableViewCell.swift in Sources */ = {isa = PBXBuildFile; fileRef = BCA0318928133B1D00C5F4F6 /* RecipeTableViewCell.swift */; };
		BCA0318C28184B3B00C5F4F6 /* ShoppingListItemTableViewCell.swift in Sources */ = {isa = PBXBuildFile; fileRef = BCA0318B28184B3B00C5F4F6 /* ShoppingListItemTableViewCell.swift */; };
		BCD20603280A18F500F7696F /* AppDelegate.swift in Sources */ = {isa = PBXBuildFile; fileRef = BCD20602280A18F500F7696F /* AppDelegate.swift */; };
		BCD20605280A18F500F7696F /* SceneDelegate.swift in Sources */ = {isa = PBXBuildFile; fileRef = BCD20604280A18F500F7696F /* SceneDelegate.swift */; };
		BCD2060A280A18F500F7696F /* Main.storyboard in Resources */ = {isa = PBXBuildFile; fileRef = BCD20608280A18F500F7696F /* Main.storyboard */; };
		BCD2060C280A18F700F7696F /* Assets.xcassets in Resources */ = {isa = PBXBuildFile; fileRef = BCD2060B280A18F700F7696F /* Assets.xcassets */; };
		BCD2060F280A18F700F7696F /* LaunchScreen.storyboard in Resources */ = {isa = PBXBuildFile; fileRef = BCD2060D280A18F700F7696F /* LaunchScreen.storyboard */; };
		BCD2061E280A1A7A00F7696F /* README.md in Resources */ = {isa = PBXBuildFile; fileRef = BCD2061D280A1A7A00F7696F /* README.md */; };
		BCD20620280DD57A00F7696F /* Spoonacular.swift in Sources */ = {isa = PBXBuildFile; fileRef = BCD2061F280DD57A00F7696F /* Spoonacular.swift */; };
		BCD20622280DD94400F7696F /* Recipe.swift in Sources */ = {isa = PBXBuildFile; fileRef = BCD20621280DD94400F7696F /* Recipe.swift */; };
		BCD20624280DDA0500F7696F /* ShoppingList.swift in Sources */ = {isa = PBXBuildFile; fileRef = BCD20623280DDA0500F7696F /* ShoppingList.swift */; };
		BCD20626280DE43000F7696F /* Ingredient.swift in Sources */ = {isa = PBXBuildFile; fileRef = BCD20625280DE43000F7696F /* Ingredient.swift */; };
/* End PBXBuildFile section */

/* Begin PBXFileReference section */
		BC58DF6A280E1DFD00CE8B39 /* myRecipes.entitlements */ = {isa = PBXFileReference; lastKnownFileType = text.plist.entitlements; path = myRecipes.entitlements; sourceTree = "<group>"; };
		BC58DF6C280E1E0500CE8B39 /* CloudKit.framework */ = {isa = PBXFileReference; lastKnownFileType = wrapper.framework; name = CloudKit.framework; path = System/Library/Frameworks/CloudKit.framework; sourceTree = SDKROOT; };
		BC58DF6E280F115500CE8B39 /* SpoonacularController.swift */ = {isa = PBXFileReference; lastKnownFileType = sourcecode.swift; path = SpoonacularController.swift; sourceTree = "<group>"; };
		BC58DF70280F116000CE8B39 /* RecipeController.swift */ = {isa = PBXFileReference; lastKnownFileType = sourcecode.swift; path = RecipeController.swift; sourceTree = "<group>"; };
		BC58DF72280F117400CE8B39 /* ShoppingListController.swift */ = {isa = PBXFileReference; lastKnownFileType = sourcecode.swift; path = ShoppingListController.swift; sourceTree = "<group>"; };
		BC58DF74280F118200CE8B39 /* IngrediantController.swift */ = {isa = PBXFileReference; lastKnownFileType = sourcecode.swift; path = IngrediantController.swift; sourceTree = "<group>"; };
		BC58DF76280F134100CE8B39 /* SpoonacularError.swift */ = {isa = PBXFileReference; lastKnownFileType = sourcecode.swift; path = SpoonacularError.swift; sourceTree = "<group>"; };
		BC5A0CF62819DF4F00CDBCC3 /* ScrollViewController.swift */ = {isa = PBXFileReference; lastKnownFileType = sourcecode.swift; path = ScrollViewController.swift; sourceTree = "<group>"; };
		BC5A0CF8281AD76400CDBCC3 /* PhotoPickerViewController.swift */ = {isa = PBXFileReference; lastKnownFileType = sourcecode.swift; path = PhotoPickerViewController.swift; sourceTree = "<group>"; };
		BC5A0CFA281AEA9500CDBCC3 /* recipeHelpers.swift */ = {isa = PBXFileReference; lastKnownFileType = sourcecode.swift; path = recipeHelpers.swift; sourceTree = "<group>"; };
		BC5A0CFC281AEFA500CDBCC3 /* myRecipeTableViewCell.swift */ = {isa = PBXFileReference; lastKnownFileType = sourcecode.swift; path = myRecipeTableViewCell.swift; sourceTree = "<group>"; };
		BC5A0CFE281AFDD800CDBCC3 /* Keys.plist */ = {isa = PBXFileReference; lastKnownFileType = text.plist.xml; path = Keys.plist; sourceTree = "<group>"; };
		BCA0317B2811E01B00C5F4F6 /* Base */ = {isa = PBXFileReference; lastKnownFileType = file.storyboard; name = Base; path = myRecipes/Views/Base.lproj/Recipe.storyboard; sourceTree = "<group>"; };
		BCA0317F281339BE00C5F4F6 /* DiscoverTableViewController.swift */ = {isa = PBXFileReference; lastKnownFileType = sourcecode.swift; path = DiscoverTableViewController.swift; sourceTree = "<group>"; };
		BCA03181281339CF00C5F4F6 /* ShoppingListTableViewController.swift */ = {isa = PBXFileReference; lastKnownFileType = sourcecode.swift; path = ShoppingListTableViewController.swift; sourceTree = "<group>"; };
		BCA03183281339DD00C5F4F6 /* RecipeListTableViewController.swift */ = {isa = PBXFileReference; lastKnownFileType = sourcecode.swift; path = RecipeListTableViewController.swift; sourceTree = "<group>"; };
		BCA0318528133A1A00C5F4F6 /* RecipeViewController.swift */ = {isa = PBXFileReference; lastKnownFileType = sourcecode.swift; path = RecipeViewController.swift; sourceTree = "<group>"; };
		BCA0318728133A7300C5F4F6 /* NewRecipeViewController.swift */ = {isa = PBXFileReference; lastKnownFileType = sourcecode.swift; path = NewRecipeViewController.swift; sourceTree = "<group>"; };
		BCA0318928133B1D00C5F4F6 /* RecipeTableViewCell.swift */ = {isa = PBXFileReference; lastKnownFileType = sourcecode.swift; path = RecipeTableViewCell.swift; sourceTree = "<group>"; };
		BCA0318B28184B3B00C5F4F6 /* ShoppingListItemTableViewCell.swift */ = {isa = PBXFileReference; lastKnownFileType = sourcecode.swift; path = ShoppingListItemTableViewCell.swift; sourceTree = "<group>"; };
		BCD205FF280A18F500F7696F /* myRecipes.app */ = {isa = PBXFileReference; explicitFileType = wrapper.application; includeInIndex = 0; path = myRecipes.app; sourceTree = BUILT_PRODUCTS_DIR; };
		BCD20602280A18F500F7696F /* AppDelegate.swift */ = {isa = PBXFileReference; lastKnownFileType = sourcecode.swift; path = AppDelegate.swift; sourceTree = "<group>"; };
		BCD20604280A18F500F7696F /* SceneDelegate.swift */ = {isa = PBXFileReference; lastKnownFileType = sourcecode.swift; path = SceneDelegate.swift; sourceTree = "<group>"; };
		BCD20609280A18F500F7696F /* Base */ = {isa = PBXFileReference; lastKnownFileType = file.storyboard; name = Base; path = Base.lproj/Main.storyboard; sourceTree = "<group>"; };
		BCD2060B280A18F700F7696F /* Assets.xcassets */ = {isa = PBXFileReference; lastKnownFileType = folder.assetcatalog; path = Assets.xcassets; sourceTree = "<group>"; };
		BCD2060E280A18F700F7696F /* Base */ = {isa = PBXFileReference; lastKnownFileType = file.storyboard; name = Base; path = Base.lproj/LaunchScreen.storyboard; sourceTree = "<group>"; };
		BCD20610280A18F700F7696F /* Info.plist */ = {isa = PBXFileReference; lastKnownFileType = text.plist.xml; path = Info.plist; sourceTree = "<group>"; };
		BCD2061D280A1A7A00F7696F /* README.md */ = {isa = PBXFileReference; lastKnownFileType = net.daringfireball.markdown; path = README.md; sourceTree = "<group>"; };
		BCD2061F280DD57A00F7696F /* Spoonacular.swift */ = {isa = PBXFileReference; lastKnownFileType = sourcecode.swift; path = Spoonacular.swift; sourceTree = "<group>"; };
		BCD20621280DD94400F7696F /* Recipe.swift */ = {isa = PBXFileReference; lastKnownFileType = sourcecode.swift; path = Recipe.swift; sourceTree = "<group>"; };
		BCD20623280DDA0500F7696F /* ShoppingList.swift */ = {isa = PBXFileReference; lastKnownFileType = sourcecode.swift; path = ShoppingList.swift; sourceTree = "<group>"; };
		BCD20625280DE43000F7696F /* Ingredient.swift */ = {isa = PBXFileReference; lastKnownFileType = sourcecode.swift; path = Ingredient.swift; sourceTree = "<group>"; };
/* End PBXFileReference section */

/* Begin PBXFrameworksBuildPhase section */
		BCD205FC280A18F500F7696F /* Frameworks */ = {
			isa = PBXFrameworksBuildPhase;
			buildActionMask = 2147483647;
			files = (
				BC58DF6D280E1E0500CE8B39 /* CloudKit.framework in Frameworks */,
			);
			runOnlyForDeploymentPostprocessing = 0;
		};
/* End PBXFrameworksBuildPhase section */

/* Begin PBXGroup section */
		BC58DF6B280E1E0500CE8B39 /* Frameworks */ = {
			isa = PBXGroup;
			children = (
				BC58DF6C280E1E0500CE8B39 /* CloudKit.framework */,
			);
			name = Frameworks;
			sourceTree = "<group>";
		};
		BCD205F6280A18F500F7696F = {
			isa = PBXGroup;
			children = (
				BCD2061D280A1A7A00F7696F /* README.md */,
				BCD20601280A18F500F7696F /* myRecipes */,
				BCD20600280A18F500F7696F /* Products */,
				BC58DF6B280E1E0500CE8B39 /* Frameworks */,
			);
			sourceTree = "<group>";
		};
		BCD20600280A18F500F7696F /* Products */ = {
			isa = PBXGroup;
			children = (
				BCD205FF280A18F500F7696F /* myRecipes.app */,
			);
			name = Products;
			sourceTree = "<group>";
		};
		BCD20601280A18F500F7696F /* myRecipes */ = {
			isa = PBXGroup;
			children = (
				BC58DF6A280E1DFD00CE8B39 /* myRecipes.entitlements */,
				BCD2061C280A193900F7696F /* Models */,
				BCD20619280A192800F7696F /* Controllers */,
				BCD20618280A192100F7696F /* Views */,
				BCD20617280A191300F7696F /* Helpers + Extensions */,
				BCD20616280A190000F7696F /* Recources */,
			);
			path = myRecipes;
			sourceTree = "<group>";
		};
		BCD20616280A190000F7696F /* Recources */ = {
			isa = PBXGroup;
			children = (
				BCD20602280A18F500F7696F /* AppDelegate.swift */,
				BCD20604280A18F500F7696F /* SceneDelegate.swift */,
				BCD2060B280A18F700F7696F /* Assets.xcassets */,
				BCD20610280A18F700F7696F /* Info.plist */,
				BC5A0CFE281AFDD800CDBCC3 /* Keys.plist */,
			);
			path = Recources;
			sourceTree = "<group>";
		};
		BCD20617280A191300F7696F /* Helpers + Extensions */ = {
			isa = PBXGroup;
			children = (
				BC58DF76280F134100CE8B39 /* SpoonacularError.swift */,
				BC5A0CFA281AEA9500CDBCC3 /* recipeHelpers.swift */,
			);
			path = "Helpers + Extensions";
			sourceTree = "<group>";
		};
		BCD20618280A192100F7696F /* Views */ = {
			isa = PBXGroup;
			children = (
				BCD20608280A18F500F7696F /* Main.storyboard */,
				BCD2060D280A18F700F7696F /* LaunchScreen.storyboard */,
				BCA0317A2811E01A00C5F4F6 /* Recipe.storyboard */,
				BCA0318928133B1D00C5F4F6 /* RecipeTableViewCell.swift */,
				BCA0318B28184B3B00C5F4F6 /* ShoppingListItemTableViewCell.swift */,
				BC5A0CFC281AEFA500CDBCC3 /* myRecipeTableViewCell.swift */,
			);
			path = Views;
			sourceTree = "<group>";
		};
		BCD20619280A192800F7696F /* Controllers */ = {
			isa = PBXGroup;
			children = (
				BCD2061B280A193300F7696F /* ModelControllers */,
				BCD2061A280A192C00F7696F /* ViewControllers */,
			);
			path = Controllers;
			sourceTree = "<group>";
		};
		BCD2061A280A192C00F7696F /* ViewControllers */ = {
			isa = PBXGroup;
			children = (
				BCA0317F281339BE00C5F4F6 /* DiscoverTableViewController.swift */,
				BCA03181281339CF00C5F4F6 /* ShoppingListTableViewController.swift */,
				BCA03183281339DD00C5F4F6 /* RecipeListTableViewController.swift */,
				BCA0318528133A1A00C5F4F6 /* RecipeViewController.swift */,
				BCA0318728133A7300C5F4F6 /* NewRecipeViewController.swift */,
				BC5A0CF62819DF4F00CDBCC3 /* ScrollViewController.swift */,
				BC5A0CF8281AD76400CDBCC3 /* PhotoPickerViewController.swift */,
			);
			path = ViewControllers;
			sourceTree = "<group>";
		};
		BCD2061B280A193300F7696F /* ModelControllers */ = {
			isa = PBXGroup;
			children = (
				BC58DF6E280F115500CE8B39 /* SpoonacularController.swift */,
				BC58DF70280F116000CE8B39 /* RecipeController.swift */,
				BC58DF72280F117400CE8B39 /* ShoppingListController.swift */,
				BC58DF74280F118200CE8B39 /* IngrediantController.swift */,
			);
			path = ModelControllers;
			sourceTree = "<group>";
		};
		BCD2061C280A193900F7696F /* Models */ = {
			isa = PBXGroup;
			children = (
				BCD2061F280DD57A00F7696F /* Spoonacular.swift */,
				BCD20621280DD94400F7696F /* Recipe.swift */,
				BCD20623280DDA0500F7696F /* ShoppingList.swift */,
				BCD20625280DE43000F7696F /* Ingredient.swift */,
			);
			path = Models;
			sourceTree = "<group>";
		};
/* End PBXGroup section */

/* Begin PBXNativeTarget section */
		BCD205FE280A18F500F7696F /* myRecipes */ = {
			isa = PBXNativeTarget;
			buildConfigurationList = BCD20613280A18F700F7696F /* Build configuration list for PBXNativeTarget "myRecipes" */;
			buildPhases = (
				BCD205FB280A18F500F7696F /* Sources */,
				BCD205FC280A18F500F7696F /* Frameworks */,
				BCD205FD280A18F500F7696F /* Resources */,
			);
			buildRules = (
			);
			dependencies = (
			);
			name = myRecipes;
			productName = myRecipes;
			productReference = BCD205FF280A18F500F7696F /* myRecipes.app */;
			productType = "com.apple.product-type.application";
		};
/* End PBXNativeTarget section */

/* Begin PBXProject section */
		BCD205F7280A18F500F7696F /* Project object */ = {
			isa = PBXProject;
			attributes = {
				BuildIndependentTargetsInParallel = 1;
				LastSwiftUpdateCheck = 1330;
				LastUpgradeCheck = 1330;
				TargetAttributes = {
					BCD205FE280A18F500F7696F = {
						CreatedOnToolsVersion = 13.3.1;
					};
				};
			};
			buildConfigurationList = BCD205FA280A18F500F7696F /* Build configuration list for PBXProject "myRecipes" */;
			compatibilityVersion = "Xcode 13.0";
			developmentRegion = en;
			hasScannedForEncodings = 0;
			knownRegions = (
				en,
				Base,
			);
			mainGroup = BCD205F6280A18F500F7696F;
			productRefGroup = BCD20600280A18F500F7696F /* Products */;
			projectDirPath = "";
			projectRoot = "";
			targets = (
				BCD205FE280A18F500F7696F /* myRecipes */,
			);
		};
/* End PBXProject section */

/* Begin PBXResourcesBuildPhase section */
		BCD205FD280A18F500F7696F /* Resources */ = {
			isa = PBXResourcesBuildPhase;
			buildActionMask = 2147483647;
			files = (
				BC5A0CFF281AFDD800CDBCC3 /* Keys.plist in Resources */,
				BCD2060F280A18F700F7696F /* LaunchScreen.storyboard in Resources */,
				BCD2060C280A18F700F7696F /* Assets.xcassets in Resources */,
				BCD2061E280A1A7A00F7696F /* README.md in Resources */,
				BCD2060A280A18F500F7696F /* Main.storyboard in Resources */,
				BCA0317C2811E01B00C5F4F6 /* Recipe.storyboard in Resources */,
			);
			runOnlyForDeploymentPostprocessing = 0;
		};
/* End PBXResourcesBuildPhase section */

/* Begin PBXSourcesBuildPhase section */
		BCD205FB280A18F500F7696F /* Sources */ = {
			isa = PBXSourcesBuildPhase;
			buildActionMask = 2147483647;
			files = (
				BCA03182281339CF00C5F4F6 /* ShoppingListTableViewController.swift in Sources */,
				BC5A0CFD281AEFA500CDBCC3 /* myRecipeTableViewCell.swift in Sources */,
				BCD20603280A18F500F7696F /* AppDelegate.swift in Sources */,
				BCD20620280DD57A00F7696F /* Spoonacular.swift in Sources */,
				BCD20626280DE43000F7696F /* Ingredient.swift in Sources */,
				BCA0318C28184B3B00C5F4F6 /* ShoppingListItemTableViewCell.swift in Sources */,
				BC5A0CF9281AD76400CDBCC3 /* PhotoPickerViewController.swift in Sources */,
				BCD20624280DDA0500F7696F /* ShoppingList.swift in Sources */,
				BC58DF6F280F115500CE8B39 /* SpoonacularController.swift in Sources */,
				BC58DF71280F116000CE8B39 /* RecipeController.swift in Sources */,
				BCD20605280A18F500F7696F /* SceneDelegate.swift in Sources */,
				BCA03184281339DD00C5F4F6 /* RecipeListTableViewController.swift in Sources */,
				BCA0318828133A7300C5F4F6 /* NewRecipeViewController.swift in Sources */,
				BC58DF77280F134100CE8B39 /* SpoonacularError.swift in Sources */,
				BC58DF73280F117400CE8B39 /* ShoppingListController.swift in Sources */,
				BC58DF75280F118200CE8B39 /* IngrediantController.swift in Sources */,
				BCA03180281339BE00C5F4F6 /* DiscoverTableViewController.swift in Sources */,
				BC5A0CFB281AEA9500CDBCC3 /* recipeHelpers.swift in Sources */,
				BCD20622280DD94400F7696F /* Recipe.swift in Sources */,
				BCA0318A28133B1D00C5F4F6 /* RecipeTableViewCell.swift in Sources */,
				BC5A0CF72819DF4F00CDBCC3 /* ScrollViewController.swift in Sources */,
				BCA0318628133A1A00C5F4F6 /* RecipeViewController.swift in Sources */,
			);
			runOnlyForDeploymentPostprocessing = 0;
		};
/* End PBXSourcesBuildPhase section */

/* Begin PBXVariantGroup section */
		BCA0317A2811E01A00C5F4F6 /* Recipe.storyboard */ = {
			isa = PBXVariantGroup;
			children = (
				BCA0317B2811E01B00C5F4F6 /* Base */,
			);
			name = Recipe.storyboard;
			sourceTree = "<group>";
		};
		BCD20608280A18F500F7696F /* Main.storyboard */ = {
			isa = PBXVariantGroup;
			children = (
				BCD20609280A18F500F7696F /* Base */,
			);
			name = Main.storyboard;
			sourceTree = "<group>";
		};
		BCD2060D280A18F700F7696F /* LaunchScreen.storyboard */ = {
			isa = PBXVariantGroup;
			children = (
				BCD2060E280A18F700F7696F /* Base */,
			);
			name = LaunchScreen.storyboard;
			sourceTree = "<group>";
		};
/* End PBXVariantGroup section */

/* Begin XCBuildConfiguration section */
		BCD20611280A18F700F7696F /* Debug */ = {
			isa = XCBuildConfiguration;
			buildSettings = {
				ALWAYS_SEARCH_USER_PATHS = NO;
				CLANG_ANALYZER_NONNULL = YES;
				CLANG_ANALYZER_NUMBER_OBJECT_CONVERSION = YES_AGGRESSIVE;
				CLANG_CXX_LANGUAGE_STANDARD = "gnu++17";
				CLANG_ENABLE_MODULES = YES;
				CLANG_ENABLE_OBJC_ARC = YES;
				CLANG_ENABLE_OBJC_WEAK = YES;
				CLANG_WARN_BLOCK_CAPTURE_AUTORELEASING = YES;
				CLANG_WARN_BOOL_CONVERSION = YES;
				CLANG_WARN_COMMA = YES;
				CLANG_WARN_CONSTANT_CONVERSION = YES;
				CLANG_WARN_DEPRECATED_OBJC_IMPLEMENTATIONS = YES;
				CLANG_WARN_DIRECT_OBJC_ISA_USAGE = YES_ERROR;
				CLANG_WARN_DOCUMENTATION_COMMENTS = YES;
				CLANG_WARN_EMPTY_BODY = YES;
				CLANG_WARN_ENUM_CONVERSION = YES;
				CLANG_WARN_INFINITE_RECURSION = YES;
				CLANG_WARN_INT_CONVERSION = YES;
				CLANG_WARN_NON_LITERAL_NULL_CONVERSION = YES;
				CLANG_WARN_OBJC_IMPLICIT_RETAIN_SELF = YES;
				CLANG_WARN_OBJC_LITERAL_CONVERSION = YES;
				CLANG_WARN_OBJC_ROOT_CLASS = YES_ERROR;
				CLANG_WARN_QUOTED_INCLUDE_IN_FRAMEWORK_HEADER = YES;
				CLANG_WARN_RANGE_LOOP_ANALYSIS = YES;
				CLANG_WARN_STRICT_PROTOTYPES = YES;
				CLANG_WARN_SUSPICIOUS_MOVE = YES;
				CLANG_WARN_UNGUARDED_AVAILABILITY = YES_AGGRESSIVE;
				CLANG_WARN_UNREACHABLE_CODE = YES;
				CLANG_WARN__DUPLICATE_METHOD_MATCH = YES;
				COPY_PHASE_STRIP = NO;
				DEBUG_INFORMATION_FORMAT = dwarf;
				ENABLE_STRICT_OBJC_MSGSEND = YES;
				ENABLE_TESTABILITY = YES;
				GCC_C_LANGUAGE_STANDARD = gnu11;
				GCC_DYNAMIC_NO_PIC = NO;
				GCC_NO_COMMON_BLOCKS = YES;
				GCC_OPTIMIZATION_LEVEL = 0;
				GCC_PREPROCESSOR_DEFINITIONS = (
					"DEBUG=1",
					"$(inherited)",
				);
				GCC_WARN_64_TO_32_BIT_CONVERSION = YES;
				GCC_WARN_ABOUT_RETURN_TYPE = YES_ERROR;
				GCC_WARN_UNDECLARED_SELECTOR = YES;
				GCC_WARN_UNINITIALIZED_AUTOS = YES_AGGRESSIVE;
				GCC_WARN_UNUSED_FUNCTION = YES;
				GCC_WARN_UNUSED_VARIABLE = YES;
				IPHONEOS_DEPLOYMENT_TARGET = 15.0;
				MTL_ENABLE_DEBUG_INFO = INCLUDE_SOURCE;
				MTL_FAST_MATH = YES;
				ONLY_ACTIVE_ARCH = YES;
				SDKROOT = iphoneos;
				SWIFT_ACTIVE_COMPILATION_CONDITIONS = DEBUG;
				SWIFT_OPTIMIZATION_LEVEL = "-Onone";
			};
			name = Debug;
		};
		BCD20612280A18F700F7696F /* Release */ = {
			isa = XCBuildConfiguration;
			buildSettings = {
				ALWAYS_SEARCH_USER_PATHS = NO;
				CLANG_ANALYZER_NONNULL = YES;
				CLANG_ANALYZER_NUMBER_OBJECT_CONVERSION = YES_AGGRESSIVE;
				CLANG_CXX_LANGUAGE_STANDARD = "gnu++17";
				CLANG_ENABLE_MODULES = YES;
				CLANG_ENABLE_OBJC_ARC = YES;
				CLANG_ENABLE_OBJC_WEAK = YES;
				CLANG_WARN_BLOCK_CAPTURE_AUTORELEASING = YES;
				CLANG_WARN_BOOL_CONVERSION = YES;
				CLANG_WARN_COMMA = YES;
				CLANG_WARN_CONSTANT_CONVERSION = YES;
				CLANG_WARN_DEPRECATED_OBJC_IMPLEMENTATIONS = YES;
				CLANG_WARN_DIRECT_OBJC_ISA_USAGE = YES_ERROR;
				CLANG_WARN_DOCUMENTATION_COMMENTS = YES;
				CLANG_WARN_EMPTY_BODY = YES;
				CLANG_WARN_ENUM_CONVERSION = YES;
				CLANG_WARN_INFINITE_RECURSION = YES;
				CLANG_WARN_INT_CONVERSION = YES;
				CLANG_WARN_NON_LITERAL_NULL_CONVERSION = YES;
				CLANG_WARN_OBJC_IMPLICIT_RETAIN_SELF = YES;
				CLANG_WARN_OBJC_LITERAL_CONVERSION = YES;
				CLANG_WARN_OBJC_ROOT_CLASS = YES_ERROR;
				CLANG_WARN_QUOTED_INCLUDE_IN_FRAMEWORK_HEADER = YES;
				CLANG_WARN_RANGE_LOOP_ANALYSIS = YES;
				CLANG_WARN_STRICT_PROTOTYPES = YES;
				CLANG_WARN_SUSPICIOUS_MOVE = YES;
				CLANG_WARN_UNGUARDED_AVAILABILITY = YES_AGGRESSIVE;
				CLANG_WARN_UNREACHABLE_CODE = YES;
				CLANG_WARN__DUPLICATE_METHOD_MATCH = YES;
				COPY_PHASE_STRIP = NO;
				DEBUG_INFORMATION_FORMAT = "dwarf-with-dsym";
				ENABLE_NS_ASSERTIONS = NO;
				ENABLE_STRICT_OBJC_MSGSEND = YES;
				GCC_C_LANGUAGE_STANDARD = gnu11;
				GCC_NO_COMMON_BLOCKS = YES;
				GCC_WARN_64_TO_32_BIT_CONVERSION = YES;
				GCC_WARN_ABOUT_RETURN_TYPE = YES_ERROR;
				GCC_WARN_UNDECLARED_SELECTOR = YES;
				GCC_WARN_UNINITIALIZED_AUTOS = YES_AGGRESSIVE;
				GCC_WARN_UNUSED_FUNCTION = YES;
				GCC_WARN_UNUSED_VARIABLE = YES;
				IPHONEOS_DEPLOYMENT_TARGET = 15.0;
				MTL_ENABLE_DEBUG_INFO = NO;
				MTL_FAST_MATH = YES;
				SDKROOT = iphoneos;
				SWIFT_COMPILATION_MODE = wholemodule;
				SWIFT_OPTIMIZATION_LEVEL = "-O";
				VALIDATE_PRODUCT = YES;
			};
			name = Release;
		};
		BCD20614280A18F700F7696F /* Debug */ = {
			isa = XCBuildConfiguration;
			buildSettings = {
				ASSETCATALOG_COMPILER_APPICON_NAME = AppIcon;
				ASSETCATALOG_COMPILER_GLOBAL_ACCENT_COLOR_NAME = AccentColor;
				CODE_SIGN_ENTITLEMENTS = myRecipes/myRecipes.entitlements;
				CODE_SIGN_STYLE = Automatic;
				CURRENT_PROJECT_VERSION = 1;
				DEVELOPMENT_TEAM = SNNSSTW7MQ;
				GENERATE_INFOPLIST_FILE = YES;
				INFOPLIST_FILE = myRecipes/Recources/Info.plist;
				INFOPLIST_KEY_UIApplicationSupportsIndirectInputEvents = YES;
				INFOPLIST_KEY_UILaunchStoryboardName = LaunchScreen;
				INFOPLIST_KEY_UIMainStoryboardFile = Main;
				INFOPLIST_KEY_UISupportedInterfaceOrientations_iPad = "UIInterfaceOrientationPortrait UIInterfaceOrientationPortraitUpsideDown UIInterfaceOrientationLandscapeLeft UIInterfaceOrientationLandscapeRight";
				INFOPLIST_KEY_UISupportedInterfaceOrientations_iPhone = "UIInterfaceOrientationPortrait UIInterfaceOrientationLandscapeLeft UIInterfaceOrientationLandscapeRight";
				LD_RUNPATH_SEARCH_PATHS = (
					"$(inherited)",
					"@executable_path/Frameworks",
				);
				MARKETING_VERSION = 1.0;
				PRODUCT_BUNDLE_IDENTIFIER = com.sebastianbanks.myRecipes;
				PRODUCT_NAME = "$(TARGET_NAME)";
				SWIFT_EMIT_LOC_STRINGS = YES;
				SWIFT_VERSION = 5.0;
				TARGETED_DEVICE_FAMILY = "1,2";
			};
			name = Debug;
		};
		BCD20615280A18F700F7696F /* Release */ = {
			isa = XCBuildConfiguration;
			buildSettings = {
				ASSETCATALOG_COMPILER_APPICON_NAME = AppIcon;
				ASSETCATALOG_COMPILER_GLOBAL_ACCENT_COLOR_NAME = AccentColor;
				CODE_SIGN_ENTITLEMENTS = myRecipes/myRecipes.entitlements;
				CODE_SIGN_STYLE = Automatic;
				CURRENT_PROJECT_VERSION = 1;
				DEVELOPMENT_TEAM = SNNSSTW7MQ;
				GENERATE_INFOPLIST_FILE = YES;
				INFOPLIST_FILE = myRecipes/Recources/Info.plist;
				INFOPLIST_KEY_UIApplicationSupportsIndirectInputEvents = YES;
				INFOPLIST_KEY_UILaunchStoryboardName = LaunchScreen;
				INFOPLIST_KEY_UIMainStoryboardFile = Main;
				INFOPLIST_KEY_UISupportedInterfaceOrientations_iPad = "UIInterfaceOrientationPortrait UIInterfaceOrientationPortraitUpsideDown UIInterfaceOrientationLandscapeLeft UIInterfaceOrientationLandscapeRight";
				INFOPLIST_KEY_UISupportedInterfaceOrientations_iPhone = "UIInterfaceOrientationPortrait UIInterfaceOrientationLandscapeLeft UIInterfaceOrientationLandscapeRight";
				LD_RUNPATH_SEARCH_PATHS = (
					"$(inherited)",
					"@executable_path/Frameworks",
				);
				MARKETING_VERSION = 1.0;
				PRODUCT_BUNDLE_IDENTIFIER = com.sebastianbanks.myRecipes;
				PRODUCT_NAME = "$(TARGET_NAME)";
				SWIFT_EMIT_LOC_STRINGS = YES;
				SWIFT_VERSION = 5.0;
				TARGETED_DEVICE_FAMILY = "1,2";
			};
			name = Release;
		};
/* End XCBuildConfiguration section */

/* Begin XCConfigurationList section */
		BCD205FA280A18F500F7696F /* Build configuration list for PBXProject "myRecipes" */ = {
			isa = XCConfigurationList;
			buildConfigurations = (
				BCD20611280A18F700F7696F /* Debug */,
				BCD20612280A18F700F7696F /* Release */,
			);
			defaultConfigurationIsVisible = 0;
			defaultConfigurationName = Release;
		};
		BCD20613280A18F700F7696F /* Build configuration list for PBXNativeTarget "myRecipes" */ = {
			isa = XCConfigurationList;
			buildConfigurations = (
				BCD20614280A18F700F7696F /* Debug */,
				BCD20615280A18F700F7696F /* Release */,
			);
			defaultConfigurationIsVisible = 0;
			defaultConfigurationName = Release;
		};
/* End XCConfigurationList section */
	};
	rootObject = BCD205F7280A18F500F7696F /* Project object */;
}
